// !$*UTF8*$!
{
	archiveVersion = 1;
	classes = {
	};
	objectVersion = 50;
	objects = {

/* Begin PBXBuildFile section */
		C879FBB921FA47BE006F0BD9 /* AppDelegate.m in Sources */ = {isa = PBXBuildFile; fileRef = C879FBB821FA47BE006F0BD9 /* AppDelegate.m */; };
		C879FBBC21FA47BE006F0BD9 /* ViewController.m in Sources */ = {isa = PBXBuildFile; fileRef = C879FBBB21FA47BE006F0BD9 /* ViewController.m */; };
		C879FBBF21FA47BE006F0BD9 /* Main.storyboard in Resources */ = {isa = PBXBuildFile; fileRef = C879FBBD21FA47BE006F0BD9 /* Main.storyboard */; };
		C879FBC121FA47BE006F0BD9 /* Assets.xcassets in Resources */ = {isa = PBXBuildFile; fileRef = C879FBC021FA47BE006F0BD9 /* Assets.xcassets */; };
		C879FBC421FA47BE006F0BD9 /* LaunchScreen.storyboard in Resources */ = {isa = PBXBuildFile; fileRef = C879FBC221FA47BE006F0BD9 /* LaunchScreen.storyboard */; };
		C879FBC721FA47BE006F0BD9 /* main.m in Sources */ = {isa = PBXBuildFile; fileRef = C879FBC621FA47BE006F0BD9 /* main.m */; };
		C879FBD121FA47BE006F0BD9 /* IphoneImagesTests.m in Sources */ = {isa = PBXBuildFile; fileRef = C879FBD021FA47BE006F0BD9 /* IphoneImagesTests.m */; };
		C879FBDC21FA47BE006F0BD9 /* IphoneImagesUITests.m in Sources */ = {isa = PBXBuildFile; fileRef = C879FBDB21FA47BE006F0BD9 /* IphoneImagesUITests.m */; };
/* End PBXBuildFile section */

/* Begin PBXContainerItemProxy section */
		C879FBCD21FA47BE006F0BD9 /* PBXContainerItemProxy */ = {
			isa = PBXContainerItemProxy;
			containerPortal = C879FBAC21FA47BE006F0BD9 /* Project object */;
			proxyType = 1;
			remoteGlobalIDString = C879FBB321FA47BE006F0BD9;
			remoteInfo = IphoneImages;
		};
		C879FBD821FA47BE006F0BD9 /* PBXContainerItemProxy */ = {
			isa = PBXContainerItemProxy;
			containerPortal = C879FBAC21FA47BE006F0BD9 /* Project object */;
			proxyType = 1;
			remoteGlobalIDString = C879FBB321FA47BE006F0BD9;
			remoteInfo = IphoneImages;
		};
/* End PBXContainerItemProxy section */

/* Begin PBXFileReference section */
		C879FBB421FA47BE006F0BD9 /* IphoneImages.app */ = {isa = PBXFileReference; explicitFileType = wrapper.application; includeInIndex = 0; path = IphoneImages.app; sourceTree = BUILT_PRODUCTS_DIR; };
		C879FBB721FA47BE006F0BD9 /* AppDelegate.h */ = {isa = PBXFileReference; lastKnownFileType = sourcecode.c.h; path = AppDelegate.h; sourceTree = "<group>"; };
		C879FBB821FA47BE006F0BD9 /* AppDelegate.m */ = {isa = PBXFileReference; lastKnownFileType = sourcecode.c.objc; path = AppDelegate.m; sourceTree = "<group>"; };
		C879FBBA21FA47BE006F0BD9 /* ViewController.h */ = {isa = PBXFileReference; lastKnownFileType = sourcecode.c.h; path = ViewController.h; sourceTree = "<group>"; };
		C879FBBB21FA47BE006F0BD9 /* ViewController.m */ = {isa = PBXFileReference; lastKnownFileType = sourcecode.c.objc; path = ViewController.m; sourceTree = "<group>"; };
		C879FBBE21FA47BE006F0BD9 /* Base */ = {isa = PBXFileReference; lastKnownFileType = file.storyboard; name = Base; path = Base.lproj/Main.storyboard; sourceTree = "<group>"; };
		C879FBC021FA47BE006F0BD9 /* Assets.xcassets */ = {isa = PBXFileReference; lastKnownFileType = folder.assetcatalog; path = Assets.xcassets; sourceTree = "<group>"; };
		C879FBC321FA47BE006F0BD9 /* Base */ = {isa = PBXFileReference; lastKnownFileType = file.storyboard; name = Base; path = Base.lproj/LaunchScreen.storyboard; sourceTree = "<group>"; };
		C879FBC521FA47BE006F0BD9 /* Info.plist */ = {isa = PBXFileReference; lastKnownFileType = text.plist.xml; path = Info.plist; sourceTree = "<group>"; };
		C879FBC621FA47BE006F0BD9 /* main.m */ = {isa = PBXFileReference; lastKnownFileType = sourcecode.c.objc; path = main.m; sourceTree = "<group>"; };
		C879FBCC21FA47BE006F0BD9 /* IphoneImagesTests.xctest */ = {isa = PBXFileReference; explicitFileType = wrapper.cfbundle; includeInIndex = 0; path = IphoneImagesTests.xctest; sourceTree = BUILT_PRODUCTS_DIR; };
		C879FBD021FA47BE006F0BD9 /* IphoneImagesTests.m */ = {isa = PBXFileReference; lastKnownFileType = sourcecode.c.objc; path = IphoneImagesTests.m; sourceTree = "<group>"; };
		C879FBD221FA47BE006F0BD9 /* Info.plist */ = {isa = PBXFileReference; lastKnownFileType = text.plist.xml; path = Info.plist; sourceTree = "<group>"; };
		C879FBD721FA47BE006F0BD9 /* IphoneImagesUITests.xctest */ = {isa = PBXFileReference; explicitFileType = wrapper.cfbundle; includeInIndex = 0; path = IphoneImagesUITests.xctest; sourceTree = BUILT_PRODUCTS_DIR; };
		C879FBDB21FA47BE006F0BD9 /* IphoneImagesUITests.m */ = {isa = PBXFileReference; lastKnownFileType = sourcecode.c.objc; path = IphoneImagesUITests.m; sourceTree = "<group>"; };
		C879FBDD21FA47BE006F0BD9 /* Info.plist */ = {isa = PBXFileReference; lastKnownFileType = text.plist.xml; path = Info.plist; sourceTree = "<group>"; };
/* End PBXFileReference section */

/* Begin PBXFrameworksBuildPhase section */
		C879FBB121FA47BE006F0BD9 /* Frameworks */ = {
			isa = PBXFrameworksBuildPhase;
			buildActionMask = 2147483647;
			files = (
			);
			runOnlyForDeploymentPostprocessing = 0;
		};
		C879FBC921FA47BE006F0BD9 /* Frameworks */ = {
			isa = PBXFrameworksBuildPhase;
			buildActionMask = 2147483647;
			files = (
			);
			runOnlyForDeploymentPostprocessing = 0;
		};
		C879FBD421FA47BE006F0BD9 /* Frameworks */ = {
			isa = PBXFrameworksBuildPhase;
			buildActionMask = 2147483647;
			files = (
			);
			runOnlyForDeploymentPostprocessing = 0;
		};
/* End PBXFrameworksBuildPhase section */

/* Begin PBXGroup section */
		C879FBAB21FA47BE006F0BD9 = {
			isa = PBXGroup;
			children = (
				C879FBB621FA47BE006F0BD9 /* IphoneImages */,
				C879FBCF21FA47BE006F0BD9 /* IphoneImagesTests */,
				C879FBDA21FA47BE006F0BD9 /* IphoneImagesUITests */,
				C879FBB521FA47BE006F0BD9 /* Products */,
			);
			sourceTree = "<group>";
		};
		C879FBB521FA47BE006F0BD9 /* Products */ = {
			isa = PBXGroup;
			children = (
				C879FBB421FA47BE006F0BD9 /* IphoneImages.app */,
				C879FBCC21FA47BE006F0BD9 /* IphoneImagesTests.xctest */,
				C879FBD721FA47BE006F0BD9 /* IphoneImagesUITests.xctest */,
			);
			name = Products;
			sourceTree = "<group>";
		};
		C879FBB621FA47BE006F0BD9 /* IphoneImages */ = {
			isa = PBXGroup;
			children = (
				C879FBB721FA47BE006F0BD9 /* AppDelegate.h */,
				C879FBB821FA47BE006F0BD9 /* AppDelegate.m */,
				C879FBBA21FA47BE006F0BD9 /* ViewController.h */,
				C879FBBB21FA47BE006F0BD9 /* ViewController.m */,
				C879FBBD21FA47BE006F0BD9 /* Main.storyboard */,
				C879FBC021FA47BE006F0BD9 /* Assets.xcassets */,
				C879FBC221FA47BE006F0BD9 /* LaunchScreen.storyboard */,
				C879FBC521FA47BE006F0BD9 /* Info.plist */,
				C879FBC621FA47BE006F0BD9 /* main.m */,
			);
			path = IphoneImages;
			sourceTree = "<group>";
		};
		C879FBCF21FA47BE006F0BD9 /* IphoneImagesTests */ = {
			isa = PBXGroup;
			children = (
				C879FBD021FA47BE006F0BD9 /* IphoneImagesTests.m */,
				C879FBD221FA47BE006F0BD9 /* Info.plist */,
			);
			path = IphoneImagesTests;
			sourceTree = "<group>";
		};
		C879FBDA21FA47BE006F0BD9 /* IphoneImagesUITests */ = {
			isa = PBXGroup;
			children = (
				C879FBDB21FA47BE006F0BD9 /* IphoneImagesUITests.m */,
				C879FBDD21FA47BE006F0BD9 /* Info.plist */,
			);
			path = IphoneImagesUITests;
			sourceTree = "<group>";
		};
/* End PBXGroup section */

/* Begin PBXNativeTarget section */
		C879FBB321FA47BE006F0BD9 /* IphoneImages */ = {
			isa = PBXNativeTarget;
			buildConfigurationList = C879FBE021FA47BE006F0BD9 /* Build configuration list for PBXNativeTarget "IphoneImages" */;
			buildPhases = (
				C879FBB021FA47BE006F0BD9 /* Sources */,
				C879FBB121FA47BE006F0BD9 /* Frameworks */,
				C879FBB221FA47BE006F0BD9 /* Resources */,
			);
			buildRules = (
			);
			dependencies = (
			);
			name = IphoneImages;
			productName = IphoneImages;
			productReference = C879FBB421FA47BE006F0BD9 /* IphoneImages.app */;
			productType = "com.apple.product-type.application";
		};
		C879FBCB21FA47BE006F0BD9 /* IphoneImagesTests */ = {
			isa = PBXNativeTarget;
			buildConfigurationList = C879FBE321FA47BE006F0BD9 /* Build configuration list for PBXNativeTarget "IphoneImagesTests" */;
			buildPhases = (
				C879FBC821FA47BE006F0BD9 /* Sources */,
				C879FBC921FA47BE006F0BD9 /* Frameworks */,
				C879FBCA21FA47BE006F0BD9 /* Resources */,
			);
			buildRules = (
			);
			dependencies = (
				C879FBCE21FA47BE006F0BD9 /* PBXTargetDependency */,
			);
			name = IphoneImagesTests;
			productName = IphoneImagesTests;
			productReference = C879FBCC21FA47BE006F0BD9 /* IphoneImagesTests.xctest */;
			productType = "com.apple.product-type.bundle.unit-test";
		};
		C879FBD621FA47BE006F0BD9 /* IphoneImagesUITests */ = {
			isa = PBXNativeTarget;
			buildConfigurationList = C879FBE621FA47BE006F0BD9 /* Build configuration list for PBXNativeTarget "IphoneImagesUITests" */;
			buildPhases = (
				C879FBD321FA47BE006F0BD9 /* Sources */,
				C879FBD421FA47BE006F0BD9 /* Frameworks */,
				C879FBD521FA47BE006F0BD9 /* Resources */,
			);
			buildRules = (
			);
			dependencies = (
				C879FBD921FA47BE006F0BD9 /* PBXTargetDependency */,
			);
			name = IphoneImagesUITests;
			productName = IphoneImagesUITests;
			productReference = C879FBD721FA47BE006F0BD9 /* IphoneImagesUITests.xctest */;
			productType = "com.apple.product-type.bundle.ui-testing";
		};
/* End PBXNativeTarget section */

/* Begin PBXProject section */
		C879FBAC21FA47BE006F0BD9 /* Project object */ = {
			isa = PBXProject;
			attributes = {
				LastUpgradeCheck = 1010;
				ORGANIZATIONNAME = "Jun Oh";
				TargetAttributes = {
					C879FBB321FA47BE006F0BD9 = {
						CreatedOnToolsVersion = 10.1;
					};
					C879FBCB21FA47BE006F0BD9 = {
						CreatedOnToolsVersion = 10.1;
						TestTargetID = C879FBB321FA47BE006F0BD9;
					};
					C879FBD621FA47BE006F0BD9 = {
						CreatedOnToolsVersion = 10.1;
						TestTargetID = C879FBB321FA47BE006F0BD9;
					};
				};
			};
			buildConfigurationList = C879FBAF21FA47BE006F0BD9 /* Build configuration list for PBXProject "IphoneImages" */;
			compatibilityVersion = "Xcode 9.3";
			developmentRegion = en;
			hasScannedForEncodings = 0;
			knownRegions = (
				en,
				Base,
			);
			mainGroup = C879FBAB21FA47BE006F0BD9;
			productRefGroup = C879FBB521FA47BE006F0BD9 /* Products */;
			projectDirPath = "";
			projectRoot = "";
			targets = (
				C879FBB321FA47BE006F0BD9 /* IphoneImages */,
				C879FBCB21FA47BE006F0BD9 /* IphoneImagesTests */,
				C879FBD621FA47BE006F0BD9 /* IphoneImagesUITests */,
			);
		};
/* End PBXProject section */

/* Begin PBXResourcesBuildPhase section */
		C879FBB221FA47BE006F0BD9 /* Resources */ = {
			isa = PBXResourcesBuildPhase;
			buildActionMask = 2147483647;
			files = (
				C879FBC421FA47BE006F0BD9 /* LaunchScreen.storyboard in Resources */,
				C879FBC121FA47BE006F0BD9 /* Assets.xcassets in Resources */,
				C879FBBF21FA47BE006F0BD9 /* Main.storyboard in Resources */,
			);
			runOnlyForDeploymentPostprocessing = 0;
		};
		C879FBCA21FA47BE006F0BD9 /* Resources */ = {
			isa = PBXResourcesBuildPhase;
			buildActionMask = 2147483647;
			files = (
			);
			runOnlyForDeploymentPostprocessing = 0;
		};
		C879FBD521FA47BE006F0BD9 /* Resources */ = {
			isa = PBXResourcesBuildPhase;
			buildActionMask = 2147483647;
			files = (
			);
			runOnlyForDeploymentPostprocessing = 0;
		};
/* End PBXResourcesBuildPhase section */

/* Begin PBXSourcesBuildPhase section */
		C879FBB021FA47BE006F0BD9 /* Sources */ = {
			isa = PBXSourcesBuildPhase;
			buildActionMask = 2147483647;
			files = (
				C879FBBC21FA47BE006F0BD9 /* ViewController.m in Sources */,
				C879FBC721FA47BE006F0BD9 /* main.m in Sources */,
				C879FBB921FA47BE006F0BD9 /* AppDelegate.m in Sources */,
			);
			runOnlyForDeploymentPostprocessing = 0;
		};
		C879FBC821FA47BE006F0BD9 /* Sources */ = {
			isa = PBXSourcesBuildPhase;
			buildActionMask = 2147483647;
			files = (
				C879FBD121FA47BE006F0BD9 /* IphoneImagesTests.m in Sources */,
			);
			runOnlyForDeploymentPostprocessing = 0;
		};
		C879FBD321FA47BE006F0BD9 /* Sources */ = {
			isa = PBXSourcesBuildPhase;
			buildActionMask = 2147483647;
			files = (
				C879FBDC21FA47BE006F0BD9 /* IphoneImagesUITests.m in Sources */,
			);
			runOnlyForDeploymentPostprocessing = 0;
		};
/* End PBXSourcesBuildPhase section */

/* Begin PBXTargetDependency section */
		C879FBCE21FA47BE006F0BD9 /* PBXTargetDependency */ = {
			isa = PBXTargetDependency;
			target = C879FBB321FA47BE006F0BD9 /* IphoneImages */;
			targetProxy = C879FBCD21FA47BE006F0BD9 /* PBXContainerItemProxy */;
		};
		C879FBD921FA47BE006F0BD9 /* PBXTargetDependency */ = {
			isa = PBXTargetDependency;
			target = C879FBB321FA47BE006F0BD9 /* IphoneImages */;
			targetProxy = C879FBD821FA47BE006F0BD9 /* PBXContainerItemProxy */;
		};
/* End PBXTargetDependency section */

/* Begin PBXVariantGroup section */
		C879FBBD21FA47BE006F0BD9 /* Main.storyboard */ = {
			isa = PBXVariantGroup;
			children = (
				C879FBBE21FA47BE006F0BD9 /* Base */,
			);
			name = Main.storyboard;
			sourceTree = "<group>";
		};
		C879FBC221FA47BE006F0BD9 /* LaunchScreen.storyboard */ = {
			isa = PBXVariantGroup;
			children = (
				C879FBC321FA47BE006F0BD9 /* Base */,
			);
			name = LaunchScreen.storyboard;
			sourceTree = "<group>";
		};
/* End PBXVariantGroup section */

/* Begin XCBuildConfiguration section */
		C879FBDE21FA47BE006F0BD9 /* Debug */ = {
			isa = XCBuildConfiguration;
			buildSettings = {
				ALWAYS_SEARCH_USER_PATHS = NO;
				CLANG_ANALYZER_NONNULL = YES;
				CLANG_ANALYZER_NUMBER_OBJECT_CONVERSION = YES_AGGRESSIVE;
				CLANG_CXX_LANGUAGE_STANDARD = "gnu++14";
				CLANG_CXX_LIBRARY = "libc++";
				CLANG_ENABLE_MODULES = YES;
				CLANG_ENABLE_OBJC_ARC = YES;
				CLANG_ENABLE_OBJC_WEAK = YES;
				CLANG_WARN_BLOCK_CAPTURE_AUTORELEASING = YES;
				CLANG_WARN_BOOL_CONVERSION = YES;
				CLANG_WARN_COMMA = YES;
				CLANG_WARN_CONSTANT_CONVERSION = YES;
				CLANG_WARN_DEPRECATED_OBJC_IMPLEMENTATIONS = YES;
				CLANG_WARN_DIRECT_OBJC_ISA_USAGE = YES_ERROR;
				CLANG_WARN_DOCUMENTATION_COMMENTS = YES;
				CLANG_WARN_EMPTY_BODY = YES;
				CLANG_WARN_ENUM_CONVERSION = YES;
				CLANG_WARN_INFINITE_RECURSION = YES;
				CLANG_WARN_INT_CONVERSION = YES;
				CLANG_WARN_NON_LITERAL_NULL_CONVERSION = YES;
				CLANG_WARN_OBJC_IMPLICIT_RETAIN_SELF = YES;
				CLANG_WARN_OBJC_LITERAL_CONVERSION = YES;
				CLANG_WARN_OBJC_ROOT_CLASS = YES_ERROR;
				CLANG_WARN_RANGE_LOOP_ANALYSIS = YES;
				CLANG_WARN_STRICT_PROTOTYPES = YES;
				CLANG_WARN_SUSPICIOUS_MOVE = YES;
				CLANG_WARN_UNGUARDED_AVAILABILITY = YES_AGGRESSIVE;
				CLANG_WARN_UNREACHABLE_CODE = YES;
				CLANG_WARN__DUPLICATE_METHOD_MATCH = YES;
				CODE_SIGN_IDENTITY = "iPhone Developer";
				COPY_PHASE_STRIP = NO;
				DEBUG_INFORMATION_FORMAT = dwarf;
				ENABLE_STRICT_OBJC_MSGSEND = YES;
				ENABLE_TESTABILITY = YES;
				GCC_C_LANGUAGE_STANDARD = gnu11;
				GCC_DYNAMIC_NO_PIC = NO;
				GCC_NO_COMMON_BLOCKS = YES;
				GCC_OPTIMIZATION_LEVEL = 0;
				GCC_PREPROCESSOR_DEFINITIONS = (
					"DEBUG=1",
					"$(inherited)",
				);
				GCC_WARN_64_TO_32_BIT_CONVERSION = YES;
				GCC_WARN_ABOUT_RETURN_TYPE = YES_ERROR;
				GCC_WARN_UNDECLARED_SELECTOR = YES;
				GCC_WARN_UNINITIALIZED_AUTOS = YES_AGGRESSIVE;
				GCC_WARN_UNUSED_FUNCTION = YES;
				GCC_WARN_UNUSED_VARIABLE = YES;
				IPHONEOS_DEPLOYMENT_TARGET = 12.1;
				MTL_ENABLE_DEBUG_INFO = INCLUDE_SOURCE;
				MTL_FAST_MATH = YES;
				ONLY_ACTIVE_ARCH = YES;
				SDKROOT = iphoneos;
			};
			name = Debug;
		};
		C879FBDF21FA47BE006F0BD9 /* Release */ = {
			isa = XCBuildConfiguration;
			buildSettings = {
				ALWAYS_SEARCH_USER_PATHS = NO;
				CLANG_ANALYZER_NONNULL = YES;
				CLANG_ANALYZER_NUMBER_OBJECT_CONVERSION = YES_AGGRESSIVE;
				CLANG_CXX_LANGUAGE_STANDARD = "gnu++14";
				CLANG_CXX_LIBRARY = "libc++";
				CLANG_ENABLE_MODULES = YES;
				CLANG_ENABLE_OBJC_ARC = YES;
				CLANG_ENABLE_OBJC_WEAK = YES;
				CLANG_WARN_BLOCK_CAPTURE_AUTORELEASING = YES;
				CLANG_WARN_BOOL_CONVERSION = YES;
				CLANG_WARN_COMMA = YES;
				CLANG_WARN_CONSTANT_CONVERSION = YES;
				CLANG_WARN_DEPRECATED_OBJC_IMPLEMENTATIONS = YES;
				CLANG_WARN_DIRECT_OBJC_ISA_USAGE = YES_ERROR;
				CLANG_WARN_DOCUMENTATION_COMMENTS = YES;
				CLANG_WARN_EMPTY_BODY = YES;
				CLANG_WARN_ENUM_CONVERSION = YES;
				CLANG_WARN_INFINITE_RECURSION = YES;
				CLANG_WARN_INT_CONVERSION = YES;
				CLANG_WARN_NON_LITERAL_NULL_CONVERSION = YES;
				CLANG_WARN_OBJC_IMPLICIT_RETAIN_SELF = YES;
				CLANG_WARN_OBJC_LITERAL_CONVERSION = YES;
				CLANG_WARN_OBJC_ROOT_CLASS = YES_ERROR;
				CLANG_WARN_RANGE_LOOP_ANALYSIS = YES;
				CLANG_WARN_STRICT_PROTOTYPES = YES;
				CLANG_WARN_SUSPICIOUS_MOVE = YES;
				CLANG_WARN_UNGUARDED_AVAILABILITY = YES_AGGRESSIVE;
				CLANG_WARN_UNREACHABLE_CODE = YES;
				CLANG_WARN__DUPLICATE_METHOD_MATCH = YES;
				CODE_SIGN_IDENTITY = "iPhone Developer";
				COPY_PHASE_STRIP = NO;
				DEBUG_INFORMATION_FORMAT = "dwarf-with-dsym";
				ENABLE_NS_ASSERTIONS = NO;
				ENABLE_STRICT_OBJC_MSGSEND = YES;
				GCC_C_LANGUAGE_STANDARD = gnu11;
				GCC_NO_COMMON_BLOCKS = YES;
				GCC_WARN_64_TO_32_BIT_CONVERSION = YES;
				GCC_WARN_ABOUT_RETURN_TYPE = YES_ERROR;
				GCC_WARN_UNDECLARED_SELECTOR = YES;
				GCC_WARN_UNINITIALIZED_AUTOS = YES_AGGRESSIVE;
				GCC_WARN_UNUSED_FUNCTION = YES;
				GCC_WARN_UNUSED_VARIABLE = YES;
				IPHONEOS_DEPLOYMENT_TARGET = 12.1;
				MTL_ENABLE_DEBUG_INFO = NO;
				MTL_FAST_MATH = YES;
				SDKROOT = iphoneos;
				VALIDATE_PRODUCT = YES;
			};
			name = Release;
		};
		C879FBE121FA47BE006F0BD9 /* Debug */ = {
			isa = XCBuildConfiguration;
			buildSettings = {
				ASSETCATALOG_COMPILER_APPICON_NAME = AppIcon;
				CODE_SIGN_STYLE = Automatic;
				INFOPLIST_FILE = IphoneImages/Info.plist;
				LD_RUNPATH_SEARCH_PATHS = (
					"$(inherited)",
					"@executable_path/Frameworks",
				);
				PRODUCT_BUNDLE_IDENTIFIER = com.juuuuuun.IphoneImages;
				PRODUCT_NAME = "$(TARGET_NAME)";
				TARGETED_DEVICE_FAMILY = "1,2";
			};
			name = Debug;
		};
		C879FBE221FA47BE006F0BD9 /* Release */ = {
			isa = XCBuildConfiguration;
			buildSettings = {
				ASSETCATALOG_COMPILER_APPICON_NAME = AppIcon;
				CODE_SIGN_STYLE = Automatic;
				INFOPLIST_FILE = IphoneImages/Info.plist;
				LD_RUNPATH_SEARCH_PATHS = (
					"$(inherited)",
					"@executable_path/Frameworks",
				);
				PRODUCT_BUNDLE_IDENTIFIER = com.juuuuuun.IphoneImages;
				PRODUCT_NAME = "$(TARGET_NAME)";
				TARGETED_DEVICE_FAMILY = "1,2";
			};
			name = Release;
		};
		C879FBE421FA47BE006F0BD9 /* Debug */ = {
			isa = XCBuildConfiguration;
			buildSettings = {
				BUNDLE_LOADER = "$(TEST_HOST)";
				CODE_SIGN_STYLE = Automatic;
				INFOPLIST_FILE = IphoneImagesTests/Info.plist;
				LD_RUNPATH_SEARCH_PATHS = (
					"$(inherited)",
					"@executable_path/Frameworks",
					"@loader_path/Frameworks",
				);
				PRODUCT_BUNDLE_IDENTIFIER = com.juuuuuun.IphoneImagesTests;
				PRODUCT_NAME = "$(TARGET_NAME)";
				TARGETED_DEVICE_FAMILY = "1,2";
				TEST_HOST = "$(BUILT_PRODUCTS_DIR)/IphoneImages.app/IphoneImages";
			};
			name = Debug;
		};
		C879FBE521FA47BE006F0BD9 /* Release */ = {
			isa = XCBuildConfiguration;
			buildSettings = {
				BUNDLE_LOADER = "$(TEST_HOST)";
				CODE_SIGN_STYLE = Automatic;
				INFOPLIST_FILE = IphoneImagesTests/Info.plist;
				LD_RUNPATH_SEARCH_PATHS = (
					"$(inherited)",
					"@executable_path/Frameworks",
					"@loader_path/Frameworks",
				);
				PRODUCT_BUNDLE_IDENTIFIER = com.juuuuuun.IphoneImagesTests;
				PRODUCT_NAME = "$(TARGET_NAME)";
				TARGETED_DEVICE_FAMILY = "1,2";
				TEST_HOST = "$(BUILT_PRODUCTS_DIR)/IphoneImages.app/IphoneImages";
			};
			name = Release;
		};
		C879FBE721FA47BE006F0BD9 /* Debug */ = {
			isa = XCBuildConfiguration;
			buildSettings = {
				CODE_SIGN_STYLE = Automatic;
				INFOPLIST_FILE = IphoneImagesUITests/Info.plist;
				LD_RUNPATH_SEARCH_PATHS = (
					"$(inherited)",
					"@executable_path/Frameworks",
					"@loader_path/Frameworks",
				);
				PRODUCT_BUNDLE_IDENTIFIER = com.juuuuuun.IphoneImagesUITests;
				PRODUCT_NAME = "$(TARGET_NAME)";
				TARGETED_DEVICE_FAMILY = "1,2";
				TEST_TARGET_NAME = IphoneImages;
			};
			name = Debug;
		};
		C879FBE821FA47BE006F0BD9 /* Release */ = {
			isa = XCBuildConfiguration;
			buildSettings = {
				CODE_SIGN_STYLE = Automatic;
				INFOPLIST_FILE = IphoneImagesUITests/Info.plist;
				LD_RUNPATH_SEARCH_PATHS = (
					"$(inherited)",
					"@executable_path/Frameworks",
					"@loader_path/Frameworks",
				);
				PRODUCT_BUNDLE_IDENTIFIER = com.juuuuuun.IphoneImagesUITests;
				PRODUCT_NAME = "$(TARGET_NAME)";
				TARGETED_DEVICE_FAMILY = "1,2";
				TEST_TARGET_NAME = IphoneImages;
			};
			name = Release;
		};
/* End XCBuildConfiguration section */

/* Begin XCConfigurationList section */
		C879FBAF21FA47BE006F0BD9 /* Build configuration list for PBXProject "IphoneImages" */ = {
			isa = XCConfigurationList;
			buildConfigurations = (
				C879FBDE21FA47BE006F0BD9 /* Debug */,
				C879FBDF21FA47BE006F0BD9 /* Release */,
			);
			defaultConfigurationIsVisible = 0;
			defaultConfigurationName = Release;
		};
		C879FBE021FA47BE006F0BD9 /* Build configuration list for PBXNativeTarget "IphoneImages" */ = {
			isa = XCConfigurationList;
			buildConfigurations = (
				C879FBE121FA47BE006F0BD9 /* Debug */,
				C879FBE221FA47BE006F0BD9 /* Release */,
			);
			defaultConfigurationIsVisible = 0;
			defaultConfigurationName = Release;
		};
		C879FBE321FA47BE006F0BD9 /* Build configuration list for PBXNativeTarget "IphoneImagesTests" */ = {
			isa = XCConfigurationList;
			buildConfigurations = (
				C879FBE421FA47BE006F0BD9 /* Debug */,
				C879FBE521FA47BE006F0BD9 /* Release */,
			);
			defaultConfigurationIsVisible = 0;
			defaultConfigurationName = Release;
		};
		C879FBE621FA47BE006F0BD9 /* Build configuration list for PBXNativeTarget "IphoneImagesUITests" */ = {
			isa = XCConfigurationList;
			buildConfigurations = (
				C879FBE721FA47BE006F0BD9 /* Debug */,
				C879FBE821FA47BE006F0BD9 /* Release */,
			);
			defaultConfigurationIsVisible = 0;
			defaultConfigurationName = Release;
		};
/* End XCConfigurationList section */
	};
	rootObject = C879FBAC21FA47BE006F0BD9 /* Project object */;
}
